{
  "name": "card",
  "version": "1.0.0",
  "lockfileVersion": 3,
  "requires": true,
  "packages": {
    "": {
      "name": "card",
      "version": "1.0.0",
      "dependencies": {
        "@react-hook/resize-observer": "^2.0.2",
        "classnames": "^2.5.1",
        "lodash": "^4.17.21",
        "react": "^19.1.0",
        "react-dom": "^19.1.0",
        "react-loader-spinner": "^6.1.6"
      },
      "devDependencies": {
        "@babel/core": "^7.27.1",
        "@babel/preset-react": "^7.27.1",
        "@eslint/css": "^0.8.1",
        "@eslint/js": "^9.27.0",
        "@eslint/json": "^0.12.0",
        "@stylistic/eslint-plugin": "^4.2.0",
        "babel-loader": "^10.0.0",
        "css-loader": "^7.1.2",
        "eslint": "^9.27.0",
        "eslint-plugin-react": "^7.37.5",
        "globals": "^16.1.0",
        "style-loader": "^4.0.0",
        "webpack": "^5.99.9",
        "webpack-cli": "^6.0.1",
        "webpack-dev-server": "^5.2.1"
      }
    },
    "node_modules/@ampproject/remapping": {
      "version": "2.3.0",
      "resolved": "https://registry.npmjs.org/@ampproject/remapping/-/remapping-2.3.0.tgz",
      "integrity": "sha512-30iZtAPgz+LTIYoeivqYo853f02jBYSd5uGnGpkFV0M3xOt9aN73erkgYAmZU43x4VfqcnLxW9Kpg3R5LC4YYw==",
      "dev": true,
      "license": "Apache-2.0",
      "dependencies": {
        "@jridgewell/gen-mapping": "^0.3.5",
        "@jridgewell/trace-mapping": "^0.3.24"
      },
      "engines": {
        "node": ">=6.0.0"
      }
    },
    "node_modules/@babel/code-frame": {
      "version": "7.27.1",
      "resolved": "https://registry.npmjs.org/@babel/code-frame/-/code-frame-7.27.1.tgz",
      "integrity": "sha512-cjQ7ZlQ0Mv3b47hABuTevyTuYN4i+loJKGeV9flcCgIK37cCXRh+L1bd3iBHlynerhQ7BhCkn2BPbQUL+rGqFg==",
      "dev": true,
      "license": "MIT",
      "dependencies": {
        "@babel/helper-validator-identifier": "^7.27.1",
        "js-tokens": "^4.0.0",
        "picocolors": "^1.1.1"
      },
      "engines": {
        "node": ">=6.9.0"
      }
    },
    "node_modules/@babel/compat-data": {
      "version": "7.27.2",
      "resolved": "https://registry.npmjs.org/@babel/compat-data/-/compat-data-7.27.2.tgz",
      "integrity": "sha512-TUtMJYRPyUb/9aU8f3K0mjmjf6M9N5Woshn2CS6nqJSeJtTtQcpLUXjGt9vbF8ZGff0El99sWkLgzwW3VXnxZQ==",
      "dev": true,
      "license": "MIT",
      "engines": {
        "node": ">=6.9.0"
      }
    },
    "node_modules/@babel/core": {
      "version": "7.27.1",
      "resolved": "https://registry.npmjs.org/@babel/core/-/core-7.27.1.tgz",
      "integrity": "sha512-IaaGWsQqfsQWVLqMn9OB92MNN7zukfVA4s7KKAI0KfrrDsZ0yhi5uV4baBuLuN7n3vsZpwP8asPPcVwApxvjBQ==",
      "dev": true,
      "license": "MIT",
      "dependencies": {
        "@ampproject/remapping": "^2.2.0",
        "@babel/code-frame": "^7.27.1",
        "@babel/generator": "^7.27.1",
        "@babel/helper-compilation-targets": "^7.27.1",
        "@babel/helper-module-transforms": "^7.27.1",
        "@babel/helpers": "^7.27.1",
        "@babel/parser": "^7.27.1",
        "@babel/template": "^7.27.1",
        "@babel/traverse": "^7.27.1",
        "@babel/types": "^7.27.1",
        "convert-source-map": "^2.0.0",
        "debug": "^4.1.0",
        "gensync": "^1.0.0-beta.2",
        "json5": "^2.2.3",
        "semver": "^6.3.1"
      },
      "engines": {
        "node": ">=6.9.0"
      },
      "funding": {
        "type": "opencollective",
        "url": "https://opencollective.com/babel"
      }
    },
    "node_modules/@babel/generator": {
      "version": "7.27.1",
      "resolved": "https://registry.npmjs.org/@babel/generator/-/generator-7.27.1.tgz",
      "integrity": "sha512-UnJfnIpc/+JO0/+KRVQNGU+y5taA5vCbwN8+azkX6beii/ZF+enZJSOKo11ZSzGJjlNfJHfQtmQT8H+9TXPG2w==",
      "dev": true,
      "license": "MIT",
      "dependencies": {
        "@babel/parser": "^7.27.1",
        "@babel/types": "^7.27.1",
        "@jridgewell/gen-mapping": "^0.3.5",
        "@jridgewell/trace-mapping": "^0.3.25",
        "jsesc": "^3.0.2"
      },
      "engines": {
        "node": ">=6.9.0"
      }
    },
    "node_modules/@babel/helper-annotate-as-pure": {
      "version": "7.27.1",
      "resolved": "https://registry.npmjs.org/@babel/helper-annotate-as-pure/-/helper-annotate-as-pure-7.27.1.tgz",
      "integrity": "sha512-WnuuDILl9oOBbKnb4L+DyODx7iC47XfzmNCpTttFsSp6hTG7XZxu60+4IO+2/hPfcGOoKbFiwoI/+zwARbNQow==",
      "dev": true,
      "license": "MIT",
      "dependencies": {
        "@babel/types": "^7.27.1"
      },
      "engines": {
        "node": ">=6.9.0"
      }
    },
    "node_modules/@babel/helper-compilation-targets": {
      "version": "7.27.2",
      "resolved": "https://registry.npmjs.org/@babel/helper-compilation-targets/-/helper-compilation-targets-7.27.2.tgz",
      "integrity": "sha512-2+1thGUUWWjLTYTHZWK1n8Yga0ijBz1XAhUXcKy81rd5g6yh7hGqMp45v7cadSbEHc9G3OTv45SyneRN3ps4DQ==",
      "dev": true,
      "license": "MIT",
      "dependencies": {
        "@babel/compat-data": "^7.27.2",
        "@babel/helper-validator-option": "^7.27.1",
        "browserslist": "^4.24.0",
        "lru-cache": "^5.1.1",
        "semver": "^6.3.1"
      },
      "engines": {
        "node": ">=6.9.0"
      }
    },
    "node_modules/@babel/helper-module-imports": {
      "version": "7.27.1",
      "resolved": "https://registry.npmjs.org/@babel/helper-module-imports/-/helper-module-imports-7.27.1.tgz",
      "integrity": "sha512-0gSFWUPNXNopqtIPQvlD5WgXYI5GY2kP2cCvoT8kczjbfcfuIljTbcWrulD1CIPIX2gt1wghbDy08yE1p+/r3w==",
      "dev": true,
      "license": "MIT",
      "dependencies": {
        "@babel/traverse": "^7.27.1",
        "@babel/types": "^7.27.1"
      },
      "engines": {
        "node": ">=6.9.0"
      }
    },
    "node_modules/@babel/helper-module-transforms": {
      "version": "7.27.1",
      "resolved": "https://registry.npmjs.org/@babel/helper-module-transforms/-/helper-module-transforms-7.27.1.tgz",
      "integrity": "sha512-9yHn519/8KvTU5BjTVEEeIM3w9/2yXNKoD82JifINImhpKkARMJKPP59kLo+BafpdN5zgNeIcS4jsGDmd3l58g==",
      "dev": true,
      "license": "MIT",
      "dependencies": {
        "@babel/helper-module-imports": "^7.27.1",
        "@babel/helper-validator-identifier": "^7.27.1",
        "@babel/traverse": "^7.27.1"
      },
      "engines": {
        "node": ">=6.9.0"
      },
      "peerDependencies": {
        "@babel/core": "^7.0.0"
      }
    },
    "node_modules/@babel/helper-plugin-utils": {
      "version": "7.27.1",
      "resolved": "https://registry.npmjs.org/@babel/helper-plugin-utils/-/helper-plugin-utils-7.27.1.tgz",
      "integrity": "sha512-1gn1Up5YXka3YYAHGKpbideQ5Yjf1tDa9qYcgysz+cNCXukyLl6DjPXhD3VRwSb8c0J9tA4b2+rHEZtc6R0tlw==",
      "dev": true,
      "license": "MIT",
      "engines": {
        "node": ">=6.9.0"
      }
    },
    "node_modules/@babel/helper-string-parser": {
      "version": "7.27.1",
      "resolved": "https://registry.npmjs.org/@babel/helper-string-parser/-/helper-string-parser-7.27.1.tgz",
      "integrity": "sha512-qMlSxKbpRlAridDExk92nSobyDdpPijUq2DW6oDnUqd0iOGxmQjyqhMIihI9+zv4LPyZdRje2cavWPbCbWm3eA==",
      "dev": true,
      "license": "MIT",
      "engines": {
        "node": ">=6.9.0"
      }
    },
    "node_modules/@babel/helper-validator-identifier": {
      "version": "7.27.1",
      "resolved": "https://registry.npmjs.org/@babel/helper-validator-identifier/-/helper-validator-identifier-7.27.1.tgz",
      "integrity": "sha512-D2hP9eA+Sqx1kBZgzxZh0y1trbuU+JoDkiEwqhQ36nodYqJwyEIhPSdMNd7lOm/4io72luTPWH20Yda0xOuUow==",
      "dev": true,
      "license": "MIT",
      "engines": {
        "node": ">=6.9.0"
      }
    },
    "node_modules/@babel/helper-validator-option": {
      "version": "7.27.1",
      "resolved": "https://registry.npmjs.org/@babel/helper-validator-option/-/helper-validator-option-7.27.1.tgz",
      "integrity": "sha512-YvjJow9FxbhFFKDSuFnVCe2WxXk1zWc22fFePVNEaWJEu8IrZVlda6N0uHwzZrUM1il7NC9Mlp4MaJYbYd9JSg==",
      "dev": true,
      "license": "MIT",
      "engines": {
        "node": ">=6.9.0"
      }
    },
    "node_modules/@babel/helpers": {
      "version": "7.27.1",
      "resolved": "https://registry.npmjs.org/@babel/helpers/-/helpers-7.27.1.tgz",
      "integrity": "sha512-FCvFTm0sWV8Fxhpp2McP5/W53GPllQ9QeQ7SiqGWjMf/LVG07lFa5+pgK05IRhVwtvafT22KF+ZSnM9I545CvQ==",
      "dev": true,
      "license": "MIT",
      "dependencies": {
        "@babel/template": "^7.27.1",
        "@babel/types": "^7.27.1"
      },
      "engines": {
        "node": ">=6.9.0"
      }
    },
    "node_modules/@babel/parser": {
      "version": "7.27.2",
      "resolved": "https://registry.npmjs.org/@babel/parser/-/parser-7.27.2.tgz",
      "integrity": "sha512-QYLs8299NA7WM/bZAdp+CviYYkVoYXlDW2rzliy3chxd1PQjej7JORuMJDJXJUb9g0TT+B99EwaVLKmX+sPXWw==",
      "dev": true,
      "license": "MIT",
      "dependencies": {
        "@babel/types": "^7.27.1"
      },
      "bin": {
        "parser": "bin/babel-parser.js"
      },
      "engines": {
        "node": ">=6.0.0"
      }
    },
    "node_modules/@babel/plugin-syntax-jsx": {
      "version": "7.27.1",
      "resolved": "https://registry.npmjs.org/@babel/plugin-syntax-jsx/-/plugin-syntax-jsx-7.27.1.tgz",
      "integrity": "sha512-y8YTNIeKoyhGd9O0Jiyzyyqk8gdjnumGTQPsz0xOZOQ2RmkVJeZ1vmmfIvFEKqucBG6axJGBZDE/7iI5suUI/w==",
      "dev": true,
      "license": "MIT",
      "dependencies": {
        "@babel/helper-plugin-utils": "^7.27.1"
      },
      "engines": {
        "node": ">=6.9.0"
      },
      "peerDependencies": {
        "@babel/core": "^7.0.0-0"
      }
    },
    "node_modules/@babel/plugin-transform-react-display-name": {
      "version": "7.27.1",
      "resolved": "https://registry.npmjs.org/@babel/plugin-transform-react-display-name/-/plugin-transform-react-display-name-7.27.1.tgz",
      "integrity": "sha512-p9+Vl3yuHPmkirRrg021XiP+EETmPMQTLr6Ayjj85RLNEbb3Eya/4VI0vAdzQG9SEAl2Lnt7fy5lZyMzjYoZQQ==",
      "dev": true,
      "license": "MIT",
      "dependencies": {
        "@babel/helper-plugin-utils": "^7.27.1"
      },
      "engines": {
        "node": ">=6.9.0"
      },
      "peerDependencies": {
        "@babel/core": "^7.0.0-0"
      }
    },
    "node_modules/@babel/plugin-transform-react-jsx": {
      "version": "7.27.1",
      "resolved": "https://registry.npmjs.org/@babel/plugin-transform-react-jsx/-/plugin-transform-react-jsx-7.27.1.tgz",
      "integrity": "sha512-2KH4LWGSrJIkVf5tSiBFYuXDAoWRq2MMwgivCf+93dd0GQi8RXLjKA/0EvRnVV5G0hrHczsquXuD01L8s6dmBw==",
      "dev": true,
      "license": "MIT",
      "dependencies": {
        "@babel/helper-annotate-as-pure": "^7.27.1",
        "@babel/helper-module-imports": "^7.27.1",
        "@babel/helper-plugin-utils": "^7.27.1",
        "@babel/plugin-syntax-jsx": "^7.27.1",
        "@babel/types": "^7.27.1"
      },
      "engines": {
        "node": ">=6.9.0"
      },
      "peerDependencies": {
        "@babel/core": "^7.0.0-0"
      }
    },
    "node_modules/@babel/plugin-transform-react-jsx-development": {
      "version": "7.27.1",
      "resolved": "https://registry.npmjs.org/@babel/plugin-transform-react-jsx-development/-/plugin-transform-react-jsx-development-7.27.1.tgz",
      "integrity": "sha512-ykDdF5yI4f1WrAolLqeF3hmYU12j9ntLQl/AOG1HAS21jxyg1Q0/J/tpREuYLfatGdGmXp/3yS0ZA76kOlVq9Q==",
      "dev": true,
      "license": "MIT",
      "dependencies": {
        "@babel/plugin-transform-react-jsx": "^7.27.1"
      },
      "engines": {
        "node": ">=6.9.0"
      },
      "peerDependencies": {
        "@babel/core": "^7.0.0-0"
      }
    },
    "node_modules/@babel/plugin-transform-react-pure-annotations": {
      "version": "7.27.1",
      "resolved": "https://registry.npmjs.org/@babel/plugin-transform-react-pure-annotations/-/plugin-transform-react-pure-annotations-7.27.1.tgz",
      "integrity": "sha512-JfuinvDOsD9FVMTHpzA/pBLisxpv1aSf+OIV8lgH3MuWrks19R27e6a6DipIg4aX1Zm9Wpb04p8wljfKrVSnPA==",
      "dev": true,
      "license": "MIT",
      "dependencies": {
        "@babel/helper-annotate-as-pure": "^7.27.1",
        "@babel/helper-plugin-utils": "^7.27.1"
      },
      "engines": {
        "node": ">=6.9.0"
      },
      "peerDependencies": {
        "@babel/core": "^7.0.0-0"
      }
    },
    "node_modules/@babel/preset-react": {
      "version": "7.27.1",
      "resolved": "https://registry.npmjs.org/@babel/preset-react/-/preset-react-7.27.1.tgz",
      "integrity": "sha512-oJHWh2gLhU9dW9HHr42q0cI0/iHHXTLGe39qvpAZZzagHy0MzYLCnCVV0symeRvzmjHyVU7mw2K06E6u/JwbhA==",
      "dev": true,
      "license": "MIT",
      "dependencies": {
        "@babel/helper-plugin-utils": "^7.27.1",
        "@babel/helper-validator-option": "^7.27.1",
        "@babel/plugin-transform-react-display-name": "^7.27.1",
        "@babel/plugin-transform-react-jsx": "^7.27.1",
        "@babel/plugin-transform-react-jsx-development": "^7.27.1",
        "@babel/plugin-transform-react-pure-annotations": "^7.27.1"
      },
      "engines": {
        "node": ">=6.9.0"
      },
      "peerDependencies": {
        "@babel/core": "^7.0.0-0"
      }
    },
    "node_modules/@babel/template": {
      "version": "7.27.2",
      "resolved": "https://registry.npmjs.org/@babel/template/-/template-7.27.2.tgz",
      "integrity": "sha512-LPDZ85aEJyYSd18/DkjNh4/y1ntkE5KwUHWTiqgRxruuZL2F1yuHligVHLvcHY2vMHXttKFpJn6LwfI7cw7ODw==",
      "dev": true,
      "license": "MIT",
      "dependencies": {
        "@babel/code-frame": "^7.27.1",
        "@babel/parser": "^7.27.2",
        "@babel/types": "^7.27.1"
      },
      "engines": {
        "node": ">=6.9.0"
      }
    },
    "node_modules/@babel/traverse": {
      "version": "7.27.1",
      "resolved": "https://registry.npmjs.org/@babel/traverse/-/traverse-7.27.1.tgz",
      "integrity": "sha512-ZCYtZciz1IWJB4U61UPu4KEaqyfj+r5T1Q5mqPo+IBpcG9kHv30Z0aD8LXPgC1trYa6rK0orRyAhqUgk4MjmEg==",
      "dev": true,
      "license": "MIT",
      "dependencies": {
        "@babel/code-frame": "^7.27.1",
        "@babel/generator": "^7.27.1",
        "@babel/parser": "^7.27.1",
        "@babel/template": "^7.27.1",
        "@babel/types": "^7.27.1",
        "debug": "^4.3.1",
        "globals": "^11.1.0"
      },
      "engines": {
        "node": ">=6.9.0"
      }
    },
    "node_modules/@babel/traverse/node_modules/globals": {
      "version": "11.12.0",
      "resolved": "https://registry.npmjs.org/globals/-/globals-11.12.0.tgz",
      "integrity": "sha512-WOBp/EEGUiIsJSp7wcv/y6MO+lV9UoncWqxuFfm8eBwzWNgyfBd6Gz+IeKQ9jCmyhoH99g15M3T+QaVHFjizVA==",
      "dev": true,
      "license": "MIT",
      "engines": {
        "node": ">=4"
      }
    },
    "node_modules/@babel/types": {
      "version": "7.27.1",
      "resolved": "https://registry.npmjs.org/@babel/types/-/types-7.27.1.tgz",
      "integrity": "sha512-+EzkxvLNfiUeKMgy/3luqfsCWFRXLb7U6wNQTk60tovuckwB15B191tJWvpp4HjiQWdJkCxO3Wbvc6jlk3Xb2Q==",
      "dev": true,
      "license": "MIT",
      "dependencies": {
        "@babel/helper-string-parser": "^7.27.1",
        "@babel/helper-validator-identifier": "^7.27.1"
      },
      "engines": {
        "node": ">=6.9.0"
      }
    },
    "node_modules/@discoveryjs/json-ext": {
      "version": "0.6.3",
      "resolved": "https://registry.npmjs.org/@discoveryjs/json-ext/-/json-ext-0.6.3.tgz",
      "integrity": "sha512-4B4OijXeVNOPZlYA2oEwWOTkzyltLao+xbotHQeqN++Rv27Y6s818+n2Qkp8q+Fxhn0t/5lA5X1Mxktud8eayQ==",
      "dev": true,
      "license": "MIT",
      "engines": {
        "node": ">=14.17.0"
      }
    },
    "node_modules/@emotion/is-prop-valid": {
      "version": "1.2.2",
      "resolved": "https://registry.npmjs.org/@emotion/is-prop-valid/-/is-prop-valid-1.2.2.tgz",
      "integrity": "sha512-uNsoYd37AFmaCdXlg6EYD1KaPOaRWRByMCYzbKUX4+hhMfrxdVSelShywL4JVaAeM/eHUOSprYBQls+/neX3pw==",
      "license": "MIT",
      "dependencies": {
        "@emotion/memoize": "^0.8.1"
      }
    },
    "node_modules/@emotion/memoize": {
      "version": "0.8.1",
      "resolved": "https://registry.npmjs.org/@emotion/memoize/-/memoize-0.8.1.tgz",
      "integrity": "sha512-W2P2c/VRW1/1tLox0mVUalvnWXxavmv/Oum2aPsRcoDJuob75FC3Y8FbpfLwUegRcxINtGUMPq0tFCvYNTBXNA==",
      "license": "MIT"
    },
    "node_modules/@emotion/unitless": {
      "version": "0.8.1",
      "resolved": "https://registry.npmjs.org/@emotion/unitless/-/unitless-0.8.1.tgz",
      "integrity": "sha512-KOEGMu6dmJZtpadb476IsZBclKvILjopjUii3V+7MnXIQCYh8W3NgNcgwo21n9LXZX6EDIKvqfjYxXebDwxKmQ==",
      "license": "MIT"
    },
    "node_modules/@eslint-community/eslint-utils": {
      "version": "4.7.0",
      "resolved": "https://registry.npmjs.org/@eslint-community/eslint-utils/-/eslint-utils-4.7.0.tgz",
      "integrity": "sha512-dyybb3AcajC7uha6CvhdVRJqaKyn7w2YKqKyAN37NKYgZT36w+iRb0Dymmc5qEJ549c/S31cMMSFd75bteCpCw==",
      "dev": true,
      "license": "MIT",
      "dependencies": {
        "eslint-visitor-keys": "^3.4.3"
      },
      "engines": {
        "node": "^12.22.0 || ^14.17.0 || >=16.0.0"
      },
      "funding": {
        "url": "https://opencollective.com/eslint"
      },
      "peerDependencies": {
        "eslint": "^6.0.0 || ^7.0.0 || >=8.0.0"
      }
    },
    "node_modules/@eslint-community/eslint-utils/node_modules/eslint-visitor-keys": {
      "version": "3.4.3",
      "resolved": "https://registry.npmjs.org/eslint-visitor-keys/-/eslint-visitor-keys-3.4.3.tgz",
      "integrity": "sha512-wpc+LXeiyiisxPlEkUzU6svyS1frIO3Mgxj1fdy7Pm8Ygzguax2N3Fa/D/ag1WqbOprdI+uY6wMUl8/a2G+iag==",
      "dev": true,
      "license": "Apache-2.0",
      "engines": {
        "node": "^12.22.0 || ^14.17.0 || >=16.0.0"
      },
      "funding": {
        "url": "https://opencollective.com/eslint"
      }
    },
    "node_modules/@eslint-community/regexpp": {
      "version": "4.12.1",
      "resolved": "https://registry.npmjs.org/@eslint-community/regexpp/-/regexpp-4.12.1.tgz",
      "integrity": "sha512-CCZCDJuduB9OUkFkY2IgppNZMi2lBQgD2qzwXkEia16cge2pijY/aXi96CJMquDMn3nJdlPV1A5KrJEXwfLNzQ==",
      "dev": true,
      "license": "MIT",
      "engines": {
        "node": "^12.0.0 || ^14.0.0 || >=16.0.0"
      }
    },
    "node_modules/@eslint/config-array": {
      "version": "0.20.0",
      "resolved": "https://registry.npmjs.org/@eslint/config-array/-/config-array-0.20.0.tgz",
      "integrity": "sha512-fxlS1kkIjx8+vy2SjuCB94q3htSNrufYTXubwiBFeaQHbH6Ipi43gFJq2zCMt6PHhImH3Xmr0NksKDvchWlpQQ==",
      "dev": true,
      "license": "Apache-2.0",
      "dependencies": {
        "@eslint/object-schema": "^2.1.6",
        "debug": "^4.3.1",
        "minimatch": "^3.1.2"
      },
      "engines": {
        "node": "^18.18.0 || ^20.9.0 || >=21.1.0"
      }
    },
    "node_modules/@eslint/config-helpers": {
      "version": "0.2.2",
      "resolved": "https://registry.npmjs.org/@eslint/config-helpers/-/config-helpers-0.2.2.tgz",
      "integrity": "sha512-+GPzk8PlG0sPpzdU5ZvIRMPidzAnZDl/s9L+y13iodqvb8leL53bTannOrQ/Im7UkpsmFU5Ily5U60LWixnmLg==",
      "dev": true,
      "license": "Apache-2.0",
      "engines": {
        "node": "^18.18.0 || ^20.9.0 || >=21.1.0"
      }
    },
    "node_modules/@eslint/core": {
      "version": "0.14.0",
      "resolved": "https://registry.npmjs.org/@eslint/core/-/core-0.14.0.tgz",
      "integrity": "sha512-qIbV0/JZr7iSDjqAc60IqbLdsj9GDt16xQtWD+B78d/HAlvysGdZZ6rpJHGAc2T0FQx1X6thsSPdnoiGKdNtdg==",
      "dev": true,
      "license": "Apache-2.0",
      "dependencies": {
        "@types/json-schema": "^7.0.15"
      },
      "engines": {
        "node": "^18.18.0 || ^20.9.0 || >=21.1.0"
      }
    },
    "node_modules/@eslint/css": {
      "version": "0.8.1",
      "resolved": "https://registry.npmjs.org/@eslint/css/-/css-0.8.1.tgz",
      "integrity": "sha512-674JJD1q8sDlJORLep+gGnm3VRCQo/qLmKQgCIf2LnUK/tHf96StWjLX2IF3yyp3yeU9npZ6ixySMr2G256eiQ==",
      "dev": true,
      "license": "Apache-2.0",
      "dependencies": {
        "@eslint/core": "^0.14.0",
        "@eslint/css-tree": "^3.3.3",
        "@eslint/plugin-kit": "^0.3.1"
      },
      "engines": {
        "node": "^18.18.0 || ^20.9.0 || >=21.1.0"
      }
    },
    "node_modules/@eslint/css-tree": {
      "version": "3.5.2",
      "resolved": "https://registry.npmjs.org/@eslint/css-tree/-/css-tree-3.5.2.tgz",
      "integrity": "sha512-SkkEYe3SCzV/iOnsT54sARwlWKCD2hWrxG8GlAWdHbutEyQBf5YpfDAmo83iPUyoS4AHDWyqg4qpHBijdLys9g==",
      "dev": true,
      "license": "MIT",
      "dependencies": {
        "mdn-data": "2.20.0",
        "source-map-js": "^1.0.1"
      },
      "engines": {
        "node": "^10 || ^12.20.0 || ^14.13.0 || >=15.0.0"
      }
    },
    "node_modules/@eslint/eslintrc": {
      "version": "3.3.1",
      "resolved": "https://registry.npmjs.org/@eslint/eslintrc/-/eslintrc-3.3.1.tgz",
      "integrity": "sha512-gtF186CXhIl1p4pJNGZw8Yc6RlshoePRvE0X91oPGb3vZ8pM3qOS9W9NGPat9LziaBV7XrJWGylNQXkGcnM3IQ==",
      "dev": true,
      "license": "MIT",
      "dependencies": {
        "ajv": "^6.12.4",
        "debug": "^4.3.2",
        "espree": "^10.0.1",
        "globals": "^14.0.0",
        "ignore": "^5.2.0",
        "import-fresh": "^3.2.1",
        "js-yaml": "^4.1.0",
        "minimatch": "^3.1.2",
        "strip-json-comments": "^3.1.1"
      },
      "engines": {
        "node": "^18.18.0 || ^20.9.0 || >=21.1.0"
      },
      "funding": {
        "url": "https://opencollective.com/eslint"
      }
    },
    "node_modules/@eslint/eslintrc/node_modules/globals": {
      "version": "14.0.0",
      "resolved": "https://registry.npmjs.org/globals/-/globals-14.0.0.tgz",
      "integrity": "sha512-oahGvuMGQlPw/ivIYBjVSrWAfWLBeku5tpPE2fOPLi+WHffIWbuh2tCjhyQhTBPMf5E9jDEH4FOmTYgYwbKwtQ==",
      "dev": true,
      "license": "MIT",
      "engines": {
        "node": ">=18"
      },
      "funding": {
        "url": "https://github.com/sponsors/sindresorhus"
      }
    },
    "node_modules/@eslint/js": {
      "version": "9.27.0",
      "resolved": "https://registry.npmjs.org/@eslint/js/-/js-9.27.0.tgz",
      "integrity": "sha512-G5JD9Tu5HJEu4z2Uo4aHY2sLV64B7CDMXxFzqzjl3NKd6RVzSXNoE80jk7Y0lJkTTkjiIhBAqmlYwjuBY3tvpA==",
      "dev": true,
      "license": "MIT",
      "engines": {
        "node": "^18.18.0 || ^20.9.0 || >=21.1.0"
      },
      "funding": {
        "url": "https://eslint.org/donate"
      }
    },
    "node_modules/@eslint/json": {
      "version": "0.12.0",
      "resolved": "https://registry.npmjs.org/@eslint/json/-/json-0.12.0.tgz",
      "integrity": "sha512-n/7dz8HFStpEe4o5eYk0tdkBdGUS/ZGb0GQCeDWN1ZmRq67HMHK4vC33b0rQlTT6xdZoX935P4vstiWVk5Ying==",
      "dev": true,
      "license": "Apache-2.0",
      "dependencies": {
        "@eslint/core": "^0.12.0",
        "@eslint/plugin-kit": "^0.2.7",
        "@humanwhocodes/momoa": "^3.3.4",
        "natural-compare": "^1.4.0"
      },
      "engines": {
        "node": "^18.18.0 || ^20.9.0 || >=21.1.0"
      }
    },
    "node_modules/@eslint/json/node_modules/@eslint/core": {
      "version": "0.12.0",
      "resolved": "https://registry.npmjs.org/@eslint/core/-/core-0.12.0.tgz",
      "integrity": "sha512-cmrR6pytBuSMTaBweKoGMwu3EiHiEC+DoyupPmlZ0HxBJBtIxwe+j/E4XPIKNx+Q74c8lXKPwYawBf5glsTkHg==",
      "dev": true,
      "license": "Apache-2.0",
      "dependencies": {
        "@types/json-schema": "^7.0.15"
      },
      "engines": {
        "node": "^18.18.0 || ^20.9.0 || >=21.1.0"
      }
    },
    "node_modules/@eslint/json/node_modules/@eslint/plugin-kit": {
      "version": "0.2.8",
      "resolved": "https://registry.npmjs.org/@eslint/plugin-kit/-/plugin-kit-0.2.8.tgz",
      "integrity": "sha512-ZAoA40rNMPwSm+AeHpCq8STiNAwzWLJuP8Xv4CHIc9wv/PSuExjMrmjfYNj682vW0OOiZ1HKxzvjQr9XZIisQA==",
      "dev": true,
      "license": "Apache-2.0",
      "dependencies": {
        "@eslint/core": "^0.13.0",
        "levn": "^0.4.1"
      },
      "engines": {
        "node": "^18.18.0 || ^20.9.0 || >=21.1.0"
      }
    },
    "node_modules/@eslint/json/node_modules/@eslint/plugin-kit/node_modules/@eslint/core": {
      "version": "0.13.0",
      "resolved": "https://registry.npmjs.org/@eslint/core/-/core-0.13.0.tgz",
      "integrity": "sha512-yfkgDw1KR66rkT5A8ci4irzDysN7FRpq3ttJolR88OqQikAWqwA8j5VZyas+vjyBNFIJ7MfybJ9plMILI2UrCw==",
      "dev": true,
      "license": "Apache-2.0",
      "dependencies": {
        "@types/json-schema": "^7.0.15"
      },
      "engines": {
        "node": "^18.18.0 || ^20.9.0 || >=21.1.0"
      }
    },
    "node_modules/@eslint/object-schema": {
      "version": "2.1.6",
      "resolved": "https://registry.npmjs.org/@eslint/object-schema/-/object-schema-2.1.6.tgz",
      "integrity": "sha512-RBMg5FRL0I0gs51M/guSAj5/e14VQ4tpZnQNWwuDT66P14I43ItmPfIZRhO9fUVIPOAQXU47atlywZ/czoqFPA==",
      "dev": true,
      "license": "Apache-2.0",
      "engines": {
        "node": "^18.18.0 || ^20.9.0 || >=21.1.0"
      }
    },
    "node_modules/@eslint/plugin-kit": {
      "version": "0.3.1",
      "resolved": "https://registry.npmjs.org/@eslint/plugin-kit/-/plugin-kit-0.3.1.tgz",
      "integrity": "sha512-0J+zgWxHN+xXONWIyPWKFMgVuJoZuGiIFu8yxk7RJjxkzpGmyja5wRFqZIVtjDVOQpV+Rw0iOAjYPE2eQyjr0w==",
      "dev": true,
      "license": "Apache-2.0",
      "dependencies": {
        "@eslint/core": "^0.14.0",
        "levn": "^0.4.1"
      },
      "engines": {
        "node": "^18.18.0 || ^20.9.0 || >=21.1.0"
      }
    },
    "node_modules/@humanfs/core": {
      "version": "0.19.1",
      "resolved": "https://registry.npmjs.org/@humanfs/core/-/core-0.19.1.tgz",
      "integrity": "sha512-5DyQ4+1JEUzejeK1JGICcideyfUbGixgS9jNgex5nqkW+cY7WZhxBigmieN5Qnw9ZosSNVC9KQKyb+GUaGyKUA==",
      "dev": true,
      "license": "Apache-2.0",
      "engines": {
        "node": ">=18.18.0"
      }
    },
    "node_modules/@humanfs/node": {
      "version": "0.16.6",
      "resolved": "https://registry.npmjs.org/@humanfs/node/-/node-0.16.6.tgz",
      "integrity": "sha512-YuI2ZHQL78Q5HbhDiBA1X4LmYdXCKCMQIfw0pw7piHJwyREFebJUvrQN4cMssyES6x+vfUbx1CIpaQUKYdQZOw==",
      "dev": true,
      "license": "Apache-2.0",
      "dependencies": {
        "@humanfs/core": "^0.19.1",
        "@humanwhocodes/retry": "^0.3.0"
      },
      "engines": {
        "node": ">=18.18.0"
      }
    },
    "node_modules/@humanfs/node/node_modules/@humanwhocodes/retry": {
      "version": "0.3.1",
      "resolved": "https://registry.npmjs.org/@humanwhocodes/retry/-/retry-0.3.1.tgz",
      "integrity": "sha512-JBxkERygn7Bv/GbN5Rv8Ul6LVknS+5Bp6RgDC/O8gEBU/yeH5Ui5C/OlWrTb6qct7LjjfT6Re2NxB0ln0yYybA==",
      "dev": true,
      "license": "Apache-2.0",
      "engines": {
        "node": ">=18.18"
      },
      "funding": {
        "type": "github",
        "url": "https://github.com/sponsors/nzakas"
      }
    },
    "node_modules/@humanwhocodes/module-importer": {
      "version": "1.0.1",
      "resolved": "https://registry.npmjs.org/@humanwhocodes/module-importer/-/module-importer-1.0.1.tgz",
      "integrity": "sha512-bxveV4V8v5Yb4ncFTT3rPSgZBOpCkjfK0y4oVVVJwIuDVBRMDXrPyXRL988i5ap9m9bnyEEjWfm5WkBmtffLfA==",
      "dev": true,
      "license": "Apache-2.0",
      "engines": {
        "node": ">=12.22"
      },
      "funding": {
        "type": "github",
        "url": "https://github.com/sponsors/nzakas"
      }
    },
    "node_modules/@humanwhocodes/momoa": {
      "version": "3.3.8",
      "resolved": "https://registry.npmjs.org/@humanwhocodes/momoa/-/momoa-3.3.8.tgz",
      "integrity": "sha512-/3PZzor2imi/RLLcnHztkwA79txiVvW145Ve2cp5dxRcH5qOUNJPToasqLFHniTfw4B4lT7jGDdBOPXbXYlIMQ==",
      "dev": true,
      "license": "Apache-2.0",
      "engines": {
        "node": ">=18"
      }
    },
    "node_modules/@humanwhocodes/retry": {
      "version": "0.4.3",
      "resolved": "https://registry.npmjs.org/@humanwhocodes/retry/-/retry-0.4.3.tgz",
      "integrity": "sha512-bV0Tgo9K4hfPCek+aMAn81RppFKv2ySDQeMoSZuvTASywNTnVJCArCZE2FWqpvIatKu7VMRLWlR1EazvVhDyhQ==",
      "dev": true,
      "license": "Apache-2.0",
      "engines": {
        "node": ">=18.18"
      },
      "funding": {
        "type": "github",
        "url": "https://github.com/sponsors/nzakas"
      }
    },
    "node_modules/@jridgewell/gen-mapping": {
      "version": "0.3.8",
      "resolved": "https://registry.npmjs.org/@jridgewell/gen-mapping/-/gen-mapping-0.3.8.tgz",
      "integrity": "sha512-imAbBGkb+ebQyxKgzv5Hu2nmROxoDOXHh80evxdoXNOrvAnVx7zimzc1Oo5h9RlfV4vPXaE2iM5pOFbvOCClWA==",
      "dev": true,
      "license": "MIT",
      "dependencies": {
        "@jridgewell/set-array": "^1.2.1",
        "@jridgewell/sourcemap-codec": "^1.4.10",
        "@jridgewell/trace-mapping": "^0.3.24"
      },
      "engines": {
        "node": ">=6.0.0"
      }
    },
    "node_modules/@jridgewell/resolve-uri": {
      "version": "3.1.2",
      "resolved": "https://registry.npmjs.org/@jridgewell/resolve-uri/-/resolve-uri-3.1.2.tgz",
      "integrity": "sha512-bRISgCIjP20/tbWSPWMEi54QVPRZExkuD9lJL+UIxUKtwVJA8wW1Trb1jMs1RFXo1CBTNZ/5hpC9QvmKWdopKw==",
      "dev": true,
      "license": "MIT",
      "engines": {
        "node": ">=6.0.0"
      }
    },
    "node_modules/@jridgewell/set-array": {
      "version": "1.2.1",
      "resolved": "https://registry.npmjs.org/@jridgewell/set-array/-/set-array-1.2.1.tgz",
      "integrity": "sha512-R8gLRTZeyp03ymzP/6Lil/28tGeGEzhx1q2k703KGWRAI1VdvPIXdG70VJc2pAMw3NA6JKL5hhFu1sJX0Mnn/A==",
      "dev": true,
      "license": "MIT",
      "engines": {
        "node": ">=6.0.0"
      }
    },
    "node_modules/@jridgewell/source-map": {
      "version": "0.3.6",
      "resolved": "https://registry.npmjs.org/@jridgewell/source-map/-/source-map-0.3.6.tgz",
      "integrity": "sha512-1ZJTZebgqllO79ue2bm3rIGud/bOe0pP5BjSRCRxxYkEZS8STV7zN84UBbiYu7jy+eCKSnVIUgoWWE/tt+shMQ==",
      "dev": true,
     